
Microsoft Visual Studio Solution File, Format Version 12.00
# Visual Studio Version 17
VisualStudioVersion = 17.5.002.0
MinimumVisualStudioVersion = 10.0.40219.1
Project("{9A19103F-16F7-4668-BE54-9A1E7A4F7556}") = "Message", "Message.csproj", "{202B7031-620E-4656-AF86-93305E76F76B}"
EndProject
Global
	GlobalSection(SolutionConfigurationPlatforms) = preSolution
		Debug|Any CPU = Debug|Any CPU
		Release|Any CPU = Release|Any CPU
	EndGlobalSection
	GlobalSection(ProjectConfigurationPlatforms) = postSolution
		{202B7031-620E-4656-AF86-93305E76F76B}.Debug|Any CPU.ActiveCfg = Debug|Any CPU
		{202B7031-620E-4656-AF86-93305E76F76B}.Debug|Any CPU.Build.0 = Debug|Any CPU
		{202B7031-620E-4656-AF86-93305E76F76B}.Release|Any CPU.ActiveCfg = Release|Any CPU
		{202B7031-620E-4656-AF86-93305E76F76B}.Release|Any CPU.Build.0 = Release|Any CPU
	EndGlobalSection
	GlobalSection(SolutionProperties) = preSolution
		HideSolutionNode = FALSE
	EndGlobalSection
	GlobalSection(ExtensibilityGlobals) = postSolution
		SolutionGuid = {FE77EC13-3B90-4697-B4CD-46A37589FC87}
	EndGlobalSection
EndGlobal
